// !$*UTF8*$!
{
	archiveVersion = 1;
	classes = {
	};
	objectVersion = 51;
	objects = {

/* Begin PBXBuildFile section */
		2EAFC2F8876A73EFEC8981FA /* Pods_CheburnetVPN.framework in Frameworks */ = {isa = PBXBuildFile; fileRef = EEA7667B1BAD4E84B495ACFE /* Pods_CheburnetVPN.framework */; };
		5D3906A22475CBE1006FADA9 /* ServerViewControllerDelegate.swift in Sources */ = {isa = PBXBuildFile; fileRef = 5D3906A12475CBE1006FADA9 /* ServerViewControllerDelegate.swift */; };
		5D4085CC245B3A2E00277226 /* StoreKit.framework in Frameworks */ = {isa = PBXBuildFile; fileRef = 5D4085CA245B3A0D00277226 /* StoreKit.framework */; };
		5D4085D2245B699100277226 /* VPNManager.swift in Sources */ = {isa = PBXBuildFile; fileRef = 5D4085D1245B699100277226 /* VPNManager.swift */; };
		5D4085D4245B69B000277226 /* Configuration.swift in Sources */ = {isa = PBXBuildFile; fileRef = 5D4085D3245B69B000277226 /* Configuration.swift */; };
		5D4085D6245B69F000277226 /* Observer.swift in Sources */ = {isa = PBXBuildFile; fileRef = 5D4085D5245B69F000277226 /* Observer.swift */; };
		5D4085D8245B6DB400277226 /* KeychainWrapper.swift in Sources */ = {isa = PBXBuildFile; fileRef = 5D4085D7245B6DB400277226 /* KeychainWrapper.swift */; };
		5D4085DB245B740200277226 /* NetworkExtension.framework in Frameworks */ = {isa = PBXBuildFile; fileRef = 5D4085DA245B740200277226 /* NetworkExtension.framework */; };
		5D4085DF245C41C200277226 /* MASTODON.TTF in Resources */ = {isa = PBXBuildFile; fileRef = 5D4085DC245C41C200277226 /* MASTODON.TTF */; };
		5D4085E0245C41C200277226 /* POBEDA-BOLD.TTF in Resources */ = {isa = PBXBuildFile; fileRef = 5D4085DD245C41C200277226 /* POBEDA-BOLD.TTF */; };
		5D4085E1245C41C200277226 /* POBEDA-REGULAR.TTF in Resources */ = {isa = PBXBuildFile; fileRef = 5D4085DE245C41C200277226 /* POBEDA-REGULAR.TTF */; };
		5D4085E3245EE44E00277226 /* IAProduct.swift in Sources */ = {isa = PBXBuildFile; fileRef = 5D4085E2245EE44E00277226 /* IAProduct.swift */; };
		5D4085E5245EE57100277226 /* IAService.swift in Sources */ = {isa = PBXBuildFile; fileRef = 5D4085E4245EE57100277226 /* IAService.swift */; };
		5D42D67F246448CE00910A17 /* LocalizationText.swift in Sources */ = {isa = PBXBuildFile; fileRef = 5D42D67E246448CE00910A17 /* LocalizationText.swift */; };
		5D42D68224644A7800910A17 /* Localizable.strings in Resources */ = {isa = PBXBuildFile; fileRef = 5D42D68424644A7800910A17 /* Localizable.strings */; };
		5D4989442462C0A4005CCAB1 /* SetupYourVPNViewController.swift in Sources */ = {isa = PBXBuildFile; fileRef = 5D4989432462C0A4005CCAB1 /* SetupYourVPNViewController.swift */; };
		5D6DEFEC24768FB200CAFD6A /* Server.swift in Sources */ = {isa = PBXBuildFile; fileRef = 5D6DEFEB24768FB200CAFD6A /* Server.swift */; };
		5D8BC56E245835C4008218E6 /* InAppPurchaseViewController.swift in Sources */ = {isa = PBXBuildFile; fileRef = 5D8BC56D245835C4008218E6 /* InAppPurchaseViewController.swift */; };
		5D8BC57024583BB4008218E6 /* PurchaseCollectionViewCell.swift in Sources */ = {isa = PBXBuildFile; fileRef = 5D8BC56F24583BB4008218E6 /* PurchaseCollectionViewCell.swift */; };
		5DA8CC2824658CA8006303EA /* MenuViewController.swift in Sources */ = {isa = PBXBuildFile; fileRef = 5DA8CC2724658CA8006303EA /* MenuViewController.swift */; };
		5DC3242C24571C440079766A /* ServerCell.swift in Sources */ = {isa = PBXBuildFile; fileRef = 5DC3242B24571C440079766A /* ServerCell.swift */; };
		5DC3242E24571E7D0079766A /* SegmentedControl.swift in Sources */ = {isa = PBXBuildFile; fileRef = 5DC3242D24571E7D0079766A /* SegmentedControl.swift */; };
		5DCAA2CE2461B1F9009501DF /* GoogleService-Info.plist in Resources */ = {isa = PBXBuildFile; fileRef = 5DCAA2CD2461B1F9009501DF /* GoogleService-Info.plist */; };
		5DCAA2D02461C2CC009501DF /* LogEvents.swift in Sources */ = {isa = PBXBuildFile; fileRef = 5DCAA2CF2461C2CC009501DF /* LogEvents.swift */; };
		5DECCA8A2456EE1400D45308 /* AppDelegate.swift in Sources */ = {isa = PBXBuildFile; fileRef = 5DECCA892456EE1400D45308 /* AppDelegate.swift */; };
		5DECCA8C2456EE1400D45308 /* SceneDelegate.swift in Sources */ = {isa = PBXBuildFile; fileRef = 5DECCA8B2456EE1400D45308 /* SceneDelegate.swift */; };
		5DECCA8E2456EE1400D45308 /* ViewController.swift in Sources */ = {isa = PBXBuildFile; fileRef = 5DECCA8D2456EE1400D45308 /* ViewController.swift */; };
		5DECCA912456EE1400D45308 /* Main.storyboard in Resources */ = {isa = PBXBuildFile; fileRef = 5DECCA8F2456EE1400D45308 /* Main.storyboard */; };
		5DECCA932456EE1600D45308 /* Assets.xcassets in Resources */ = {isa = PBXBuildFile; fileRef = 5DECCA922456EE1600D45308 /* Assets.xcassets */; };
		5DECCA962456EE1600D45308 /* LaunchScreen.storyboard in Resources */ = {isa = PBXBuildFile; fileRef = 5DECCA942456EE1600D45308 /* LaunchScreen.storyboard */; };
		5DECCAA22456F56900D45308 /* Colors.xcassets in Resources */ = {isa = PBXBuildFile; fileRef = 5DECCAA12456F56900D45308 /* Colors.xcassets */; };
		5DECCAA42457018E00D45308 /* CustomButton.swift in Sources */ = {isa = PBXBuildFile; fileRef = 5DECCAA32457018E00D45308 /* CustomButton.swift */; };
		5DECCAA62457128100D45308 /* ServerViewController.swift in Sources */ = {isa = PBXBuildFile; fileRef = 5DECCAA52457128100D45308 /* ServerViewController.swift */; };
/* End PBXBuildFile section */

/* Begin PBXFileReference section */
		5D3906A12475CBE1006FADA9 /* ServerViewControllerDelegate.swift */ = {isa = PBXFileReference; lastKnownFileType = sourcecode.swift; path = ServerViewControllerDelegate.swift; sourceTree = "<group>"; };
		5D4085CA245B3A0D00277226 /* StoreKit.framework */ = {isa = PBXFileReference; lastKnownFileType = wrapper.framework; name = StoreKit.framework; path = System/Library/Frameworks/StoreKit.framework; sourceTree = SDKROOT; };
		5D4085D1245B699100277226 /* VPNManager.swift */ = {isa = PBXFileReference; lastKnownFileType = sourcecode.swift; path = VPNManager.swift; sourceTree = "<group>"; };
		5D4085D3245B69B000277226 /* Configuration.swift */ = {isa = PBXFileReference; lastKnownFileType = sourcecode.swift; path = Configuration.swift; sourceTree = "<group>"; };
		5D4085D5245B69F000277226 /* Observer.swift */ = {isa = PBXFileReference; lastKnownFileType = sourcecode.swift; path = Observer.swift; sourceTree = "<group>"; };
		5D4085D7245B6DB400277226 /* KeychainWrapper.swift */ = {isa = PBXFileReference; lastKnownFileType = sourcecode.swift; path = KeychainWrapper.swift; sourceTree = "<group>"; };
		5D4085D9245B740200277226 /* CheburnetVPN.entitlements */ = {isa = PBXFileReference; lastKnownFileType = text.plist.entitlements; path = CheburnetVPN.entitlements; sourceTree = "<group>"; };
		5D4085DA245B740200277226 /* NetworkExtension.framework */ = {isa = PBXFileReference; lastKnownFileType = wrapper.framework; name = NetworkExtension.framework; path = System/Library/Frameworks/NetworkExtension.framework; sourceTree = SDKROOT; };
		5D4085DC245C41C200277226 /* MASTODON.TTF */ = {isa = PBXFileReference; lastKnownFileType = file; path = MASTODON.TTF; sourceTree = "<group>"; };
		5D4085DD245C41C200277226 /* POBEDA-BOLD.TTF */ = {isa = PBXFileReference; lastKnownFileType = file; path = "POBEDA-BOLD.TTF"; sourceTree = "<group>"; };
		5D4085DE245C41C200277226 /* POBEDA-REGULAR.TTF */ = {isa = PBXFileReference; lastKnownFileType = file; path = "POBEDA-REGULAR.TTF"; sourceTree = "<group>"; };
		5D4085E2245EE44E00277226 /* IAProduct.swift */ = {isa = PBXFileReference; lastKnownFileType = sourcecode.swift; path = IAProduct.swift; sourceTree = "<group>"; };
		5D4085E4245EE57100277226 /* IAService.swift */ = {isa = PBXFileReference; lastKnownFileType = sourcecode.swift; path = IAService.swift; sourceTree = "<group>"; };
		5D42D67B2464434700910A17 /* ru */ = {isa = PBXFileReference; lastKnownFileType = text.plist.strings; name = ru; path = ru.lproj/Main.strings; sourceTree = "<group>"; };
		5D42D67C2464434800910A17 /* ru */ = {isa = PBXFileReference; lastKnownFileType = text.plist.strings; name = ru; path = ru.lproj/LaunchScreen.strings; sourceTree = "<group>"; };
		5D42D67D246448AE00910A17 /* es */ = {isa = PBXFileReference; lastKnownFileType = text.plist.strings; name = es; path = es.lproj/Main.strings; sourceTree = "<group>"; };
		5D42D67E246448CE00910A17 /* LocalizationText.swift */ = {isa = PBXFileReference; lastKnownFileType = sourcecode.swift; path = LocalizationText.swift; sourceTree = "<group>"; };
		5D42D68524644A7C00910A17 /* ru */ = {isa = PBXFileReference; lastKnownFileType = text.plist.strings; name = ru; path = ru.lproj/Localizable.strings; sourceTree = "<group>"; };
		5D42D68624644A7D00910A17 /* es */ = {isa = PBXFileReference; lastKnownFileType = text.plist.strings; name = es; path = es.lproj/Localizable.strings; sourceTree = "<group>"; };
		5D42D6882464576A00910A17 /* de */ = {isa = PBXFileReference; lastKnownFileType = text.plist.strings; name = de; path = de.lproj/Main.strings; sourceTree = "<group>"; };
		5D42D6892464576A00910A17 /* de */ = {isa = PBXFileReference; lastKnownFileType = text.plist.strings; name = de; path = de.lproj/Localizable.strings; sourceTree = "<group>"; };
		5D42D68B2464579100910A17 /* en */ = {isa = PBXFileReference; lastKnownFileType = text.plist.strings; name = en; path = en.lproj/Main.strings; sourceTree = "<group>"; };
		5D42D68C2464587A00910A17 /* en */ = {isa = PBXFileReference; lastKnownFileType = text.plist.strings; name = en; path = en.lproj/Localizable.strings; sourceTree = "<group>"; };
		5D4989432462C0A4005CCAB1 /* SetupYourVPNViewController.swift */ = {isa = PBXFileReference; lastKnownFileType = sourcecode.swift; path = SetupYourVPNViewController.swift; sourceTree = "<group>"; };
		5D6DEFEB24768FB200CAFD6A /* Server.swift */ = {isa = PBXFileReference; lastKnownFileType = sourcecode.swift; path = Server.swift; sourceTree = "<group>"; };
		5D7CBED524C03165E4F6731E /* Pods-CheburnetVPN.debug.xcconfig */ = {isa = PBXFileReference; includeInIndex = 1; lastKnownFileType = text.xcconfig; name = "Pods-CheburnetVPN.debug.xcconfig"; path = "Target Support Files/Pods-CheburnetVPN/Pods-CheburnetVPN.debug.xcconfig"; sourceTree = "<group>"; };
		5D8BC56D245835C4008218E6 /* InAppPurchaseViewController.swift */ = {isa = PBXFileReference; lastKnownFileType = sourcecode.swift; path = InAppPurchaseViewController.swift; sourceTree = "<group>"; };
		5D8BC56F24583BB4008218E6 /* PurchaseCollectionViewCell.swift */ = {isa = PBXFileReference; lastKnownFileType = sourcecode.swift; path = PurchaseCollectionViewCell.swift; sourceTree = "<group>"; };
		5DA8CC2724658CA8006303EA /* MenuViewController.swift */ = {isa = PBXFileReference; lastKnownFileType = sourcecode.swift; path = MenuViewController.swift; sourceTree = "<group>"; };
		5DC3242B24571C440079766A /* ServerCell.swift */ = {isa = PBXFileReference; lastKnownFileType = sourcecode.swift; path = ServerCell.swift; sourceTree = "<group>"; };
		5DC3242D24571E7D0079766A /* SegmentedControl.swift */ = {isa = PBXFileReference; lastKnownFileType = sourcecode.swift; path = SegmentedControl.swift; sourceTree = "<group>"; };
		5DCAA2CD2461B1F9009501DF /* GoogleService-Info.plist */ = {isa = PBXFileReference; fileEncoding = 4; lastKnownFileType = text.plist.xml; path = "GoogleService-Info.plist"; sourceTree = "<group>"; };
		5DCAA2CF2461C2CC009501DF /* LogEvents.swift */ = {isa = PBXFileReference; lastKnownFileType = sourcecode.swift; path = LogEvents.swift; sourceTree = "<group>"; };
		5DECCA862456EE1400D45308 /* CheburnetVPN.app */ = {isa = PBXFileReference; explicitFileType = wrapper.application; includeInIndex = 0; path = CheburnetVPN.app; sourceTree = BUILT_PRODUCTS_DIR; };
		5DECCA892456EE1400D45308 /* AppDelegate.swift */ = {isa = PBXFileReference; lastKnownFileType = sourcecode.swift; path = AppDelegate.swift; sourceTree = "<group>"; };
		5DECCA8B2456EE1400D45308 /* SceneDelegate.swift */ = {isa = PBXFileReference; lastKnownFileType = sourcecode.swift; path = SceneDelegate.swift; sourceTree = "<group>"; };
		5DECCA8D2456EE1400D45308 /* ViewController.swift */ = {isa = PBXFileReference; lastKnownFileType = sourcecode.swift; path = ViewController.swift; sourceTree = "<group>"; };
		5DECCA902456EE1400D45308 /* Base */ = {isa = PBXFileReference; lastKnownFileType = file.storyboard; name = Base; path = Base.lproj/Main.storyboard; sourceTree = "<group>"; };
		5DECCA922456EE1600D45308 /* Assets.xcassets */ = {isa = PBXFileReference; lastKnownFileType = folder.assetcatalog; path = Assets.xcassets; sourceTree = "<group>"; };
		5DECCA952456EE1600D45308 /* Base */ = {isa = PBXFileReference; lastKnownFileType = file.storyboard; name = Base; path = Base.lproj/LaunchScreen.storyboard; sourceTree = "<group>"; };
		5DECCA972456EE1600D45308 /* Info.plist */ = {isa = PBXFileReference; lastKnownFileType = text.plist.xml; path = Info.plist; sourceTree = "<group>"; };
		5DECCAA12456F56900D45308 /* Colors.xcassets */ = {isa = PBXFileReference; lastKnownFileType = folder.assetcatalog; path = Colors.xcassets; sourceTree = "<group>"; };
		5DECCAA32457018E00D45308 /* CustomButton.swift */ = {isa = PBXFileReference; lastKnownFileType = sourcecode.swift; path = CustomButton.swift; sourceTree = "<group>"; };
		5DECCAA52457128100D45308 /* ServerViewController.swift */ = {isa = PBXFileReference; lastKnownFileType = sourcecode.swift; path = ServerViewController.swift; sourceTree = "<group>"; };
		91F78F52DF53DE04914E5314 /* Pods-CheburnetVPN.release.xcconfig */ = {isa = PBXFileReference; includeInIndex = 1; lastKnownFileType = text.xcconfig; name = "Pods-CheburnetVPN.release.xcconfig"; path = "Target Support Files/Pods-CheburnetVPN/Pods-CheburnetVPN.release.xcconfig"; sourceTree = "<group>"; };
		EEA7667B1BAD4E84B495ACFE /* Pods_CheburnetVPN.framework */ = {isa = PBXFileReference; explicitFileType = wrapper.framework; includeInIndex = 0; path = Pods_CheburnetVPN.framework; sourceTree = BUILT_PRODUCTS_DIR; };
/* End PBXFileReference section */

/* Begin PBXFrameworksBuildPhase section */
		5DECCA832456EE1400D45308 /* Frameworks */ = {
			isa = PBXFrameworksBuildPhase;
			buildActionMask = 2147483647;
			files = (
				5D4085CC245B3A2E00277226 /* StoreKit.framework in Frameworks */,
				5D4085DB245B740200277226 /* NetworkExtension.framework in Frameworks */,
				2EAFC2F8876A73EFEC8981FA /* Pods_CheburnetVPN.framework in Frameworks */,
			);
			runOnlyForDeploymentPostprocessing = 0;
		};
/* End PBXFrameworksBuildPhase section */

/* Begin PBXGroup section */
		297F59ECBA5FFDEA4028BA5E /* Pods */ = {
			isa = PBXGroup;
			children = (
				5D7CBED524C03165E4F6731E /* Pods-CheburnetVPN.debug.xcconfig */,
				91F78F52DF53DE04914E5314 /* Pods-CheburnetVPN.release.xcconfig */,
			);
			path = Pods;
			sourceTree = "<group>";
		};
		5D3906A02475CBC7006FADA9 /* Protocols */ = {
			isa = PBXGroup;
			children = (
				5D3906A12475CBE1006FADA9 /* ServerViewControllerDelegate.swift */,
			);
			path = Protocols;
			sourceTree = "<group>";
		};
		5D4085C9245B3A0D00277226 /* Frameworks */ = {
			isa = PBXGroup;
			children = (
				5D4085DA245B740200277226 /* NetworkExtension.framework */,
				5D4085CA245B3A0D00277226 /* StoreKit.framework */,
				EEA7667B1BAD4E84B495ACFE /* Pods_CheburnetVPN.framework */,
			);
			name = Frameworks;
			sourceTree = "<group>";
		};
		5D6ECCBC2475549D00DEE19A /* MainScreen */ = {
			isa = PBXGroup;
			children = (
				5DECCA8D2456EE1400D45308 /* ViewController.swift */,
			);
			path = MainScreen;
			sourceTree = "<group>";
		};
		5D6ECCBD247554AB00DEE19A /* VPNManager */ = {
			isa = PBXGroup;
			children = (
				5D6DEFEB24768FB200CAFD6A /* Server.swift */,
				5D4085D1245B699100277226 /* VPNManager.swift */,
				5D4085D3245B69B000277226 /* Configuration.swift */,
				5D4085D5245B69F000277226 /* Observer.swift */,
			);
			path = VPNManager;
			sourceTree = "<group>";
		};
		5D6ECCBE247554B900DEE19A /* Service */ = {
			isa = PBXGroup;
			children = (
				5D6ECCBD247554AB00DEE19A /* VPNManager */,
				5D6ECCC12475551100DEE19A /* IAPurchase */,
			);
			path = Service;
			sourceTree = "<group>";
		};
		5D6ECCBF247554CF00DEE19A /* ServerViewController */ = {
			isa = PBXGroup;
			children = (
				5DECCAA52457128100D45308 /* ServerViewController.swift */,
				5DC3242B24571C440079766A /* ServerCell.swift */,
			);
			path = ServerViewController;
			sourceTree = "<group>";
		};
		5D6ECCC0247554E200DEE19A /* IAPurchaseViewController */ = {
			isa = PBXGroup;
			children = (
				5D8BC56D245835C4008218E6 /* InAppPurchaseViewController.swift */,
				5D8BC56F24583BB4008218E6 /* PurchaseCollectionViewCell.swift */,
			);
			path = IAPurchaseViewController;
			sourceTree = "<group>";
		};
		5D6ECCC12475551100DEE19A /* IAPurchase */ = {
			isa = PBXGroup;
			children = (
				5D4085E4245EE57100277226 /* IAService.swift */,
				5D4085E2245EE44E00277226 /* IAProduct.swift */,
			);
			path = IAPurchase;
			sourceTree = "<group>";
		};
		5D6ECCC22475551F00DEE19A /* SetupYourVPNViewController */ = {
			isa = PBXGroup;
			children = (
				5D4989432462C0A4005CCAB1 /* SetupYourVPNViewController.swift */,
			);
			path = SetupYourVPNViewController;
			sourceTree = "<group>";
		};
		5D6ECCC32475552A00DEE19A /* MenuViewController */ = {
			isa = PBXGroup;
			children = (
				5DA8CC2724658CA8006303EA /* MenuViewController.swift */,
			);
			path = MenuViewController;
			sourceTree = "<group>";
		};
		5D6ECCC42475554400DEE19A /* CustomViews */ = {
			isa = PBXGroup;
			children = (
				5DECCAA32457018E00D45308 /* CustomButton.swift */,
				5DC3242D24571E7D0079766A /* SegmentedControl.swift */,
			);
			path = CustomViews;
			sourceTree = "<group>";
		};
		5D8E7D8024755A650006C015 /* Interface */ = {
			isa = PBXGroup;
			children = (
				5D6ECCC42475554400DEE19A /* CustomViews */,
				5D6ECCBC2475549D00DEE19A /* MainScreen */,
				5D6ECCBF247554CF00DEE19A /* ServerViewController */,
				5D6ECCC0247554E200DEE19A /* IAPurchaseViewController */,
				5D6ECCC22475551F00DEE19A /* SetupYourVPNViewController */,
				5D6ECCC32475552A00DEE19A /* MenuViewController */,
			);
			path = Interface;
			sourceTree = "<group>";
		};
		5DECCA7D2456EE1400D45308 = {
			isa = PBXGroup;
			children = (
				5DECCA882456EE1400D45308 /* CheburnetVPN */,
				5DECCA872456EE1400D45308 /* Products */,
				5D4085C9245B3A0D00277226 /* Frameworks */,
				297F59ECBA5FFDEA4028BA5E /* Pods */,
			);
			sourceTree = "<group>";
		};
		5DECCA872456EE1400D45308 /* Products */ = {
			isa = PBXGroup;
			children = (
				5DECCA862456EE1400D45308 /* CheburnetVPN.app */,
			);
			name = Products;
			sourceTree = "<group>";
		};
		5DECCA882456EE1400D45308 /* CheburnetVPN */ = {
			isa = PBXGroup;
			children = (
				5D4085D9245B740200277226 /* CheburnetVPN.entitlements */,
				5DECCA9D2456F2E900D45308 /* Fonts */,
				5DECCA892456EE1400D45308 /* AppDelegate.swift */,
				5DECCA8B2456EE1400D45308 /* SceneDelegate.swift */,
				5D4085D7245B6DB400277226 /* KeychainWrapper.swift */,
				5D3906A02475CBC7006FADA9 /* Protocols */,
				5D8E7D8024755A650006C015 /* Interface */,
				5D6ECCBE247554B900DEE19A /* Service */,
				5DCAA2CF2461C2CC009501DF /* LogEvents.swift */,
				5D42D67E246448CE00910A17 /* LocalizationText.swift */,
				5D42D68424644A7800910A17 /* Localizable.strings */,
				5DECCA8F2456EE1400D45308 /* Main.storyboard */,
				5DECCA942456EE1600D45308 /* LaunchScreen.storyboard */,
				5DECCA922456EE1600D45308 /* Assets.xcassets */,
				5DECCAA12456F56900D45308 /* Colors.xcassets */,
				5DCAA2CD2461B1F9009501DF /* GoogleService-Info.plist */,
				5DECCA972456EE1600D45308 /* Info.plist */,
			);
			path = CheburnetVPN;
			sourceTree = "<group>";
		};
		5DECCA9D2456F2E900D45308 /* Fonts */ = {
			isa = PBXGroup;
			children = (
				5D4085DC245C41C200277226 /* MASTODON.TTF */,
				5D4085DD245C41C200277226 /* POBEDA-BOLD.TTF */,
				5D4085DE245C41C200277226 /* POBEDA-REGULAR.TTF */,
			);
			path = Fonts;
			sourceTree = "<group>";
		};
/* End PBXGroup section */

/* Begin PBXNativeTarget section */
		5DECCA852456EE1400D45308 /* CheburnetVPN */ = {
			isa = PBXNativeTarget;
			buildConfigurationList = 5DECCA9A2456EE1600D45308 /* Build configuration list for PBXNativeTarget "CheburnetVPN" */;
			buildPhases = (
				9E7499CD5E6DD9E9236B3F9B /* [CP] Check Pods Manifest.lock */,
				5DECCA822456EE1400D45308 /* Sources */,
				5DECCA832456EE1400D45308 /* Frameworks */,
				5DECCA842456EE1400D45308 /* Resources */,
				FE89EDBFC8E1C5C0EC7B091F /* [CP] Embed Pods Frameworks */,
			);
			buildRules = (
			);
			dependencies = (
			);
			name = CheburnetVPN;
			productName = CheburnetVPN;
			productReference = 5DECCA862456EE1400D45308 /* CheburnetVPN.app */;
			productType = "com.apple.product-type.application";
		};
/* End PBXNativeTarget section */

/* Begin PBXProject section */
		5DECCA7E2456EE1400D45308 /* Project object */ = {
			isa = PBXProject;
			attributes = {
				LastSwiftUpdateCheck = 1110;
				LastUpgradeCheck = 1110;
				ORGANIZATIONNAME = "Анастасия";
				TargetAttributes = {
					5DECCA852456EE1400D45308 = {
						CreatedOnToolsVersion = 11.1;
					};
				};
			};
			buildConfigurationList = 5DECCA812456EE1400D45308 /* Build configuration list for PBXProject "CheburnetVPN" */;
			compatibilityVersion = "Xcode 9.3";
			developmentRegion = en;
			hasScannedForEncodings = 0;
			knownRegions = (
				en,
				Base,
				ru,
				es,
				de,
			);
			mainGroup = 5DECCA7D2456EE1400D45308;
			productRefGroup = 5DECCA872456EE1400D45308 /* Products */;
			projectDirPath = "";
			projectRoot = "";
			targets = (
				5DECCA852456EE1400D45308 /* CheburnetVPN */,
			);
		};
/* End PBXProject section */

/* Begin PBXResourcesBuildPhase section */
		5DECCA842456EE1400D45308 /* Resources */ = {
			isa = PBXResourcesBuildPhase;
			buildActionMask = 2147483647;
			files = (
				5DECCA962456EE1600D45308 /* LaunchScreen.storyboard in Resources */,
				5DCAA2CE2461B1F9009501DF /* GoogleService-Info.plist in Resources */,
				5DECCAA22456F56900D45308 /* Colors.xcassets in Resources */,
				5D4085DF245C41C200277226 /* MASTODON.TTF in Resources */,
				5D42D68224644A7800910A17 /* Localizable.strings in Resources */,
				5DECCA932456EE1600D45308 /* Assets.xcassets in Resources */,
				5D4085E0245C41C200277226 /* POBEDA-BOLD.TTF in Resources */,
				5D4085E1245C41C200277226 /* POBEDA-REGULAR.TTF in Resources */,
				5DECCA912456EE1400D45308 /* Main.storyboard in Resources */,
			);
			runOnlyForDeploymentPostprocessing = 0;
		};
/* End PBXResourcesBuildPhase section */

/* Begin PBXShellScriptBuildPhase section */
		9E7499CD5E6DD9E9236B3F9B /* [CP] Check Pods Manifest.lock */ = {
			isa = PBXShellScriptBuildPhase;
			buildActionMask = 2147483647;
			files = (
			);
			inputFileListPaths = (
			);
			inputPaths = (
				"${PODS_PODFILE_DIR_PATH}/Podfile.lock",
				"${PODS_ROOT}/Manifest.lock",
			);
			name = "[CP] Check Pods Manifest.lock";
			outputFileListPaths = (
			);
			outputPaths = (
				"$(DERIVED_FILE_DIR)/Pods-CheburnetVPN-checkManifestLockResult.txt",
			);
			runOnlyForDeploymentPostprocessing = 0;
			shellPath = /bin/sh;
			shellScript = "diff \"${PODS_PODFILE_DIR_PATH}/Podfile.lock\" \"${PODS_ROOT}/Manifest.lock\" > /dev/null\nif [ $? != 0 ] ; then\n    # print error to STDERR\n    echo \"error: The sandbox is not in sync with the Podfile.lock. Run 'pod install' or update your CocoaPods installation.\" >&2\n    exit 1\nfi\n# This output is used by Xcode 'outputs' to avoid re-running this script phase.\necho \"SUCCESS\" > \"${SCRIPT_OUTPUT_FILE_0}\"\n";
			showEnvVarsInLog = 0;
		};
		FE89EDBFC8E1C5C0EC7B091F /* [CP] Embed Pods Frameworks */ = {
			isa = PBXShellScriptBuildPhase;
			buildActionMask = 2147483647;
			files = (
			);
			inputFileListPaths = (
				"${PODS_ROOT}/Target Support Files/Pods-CheburnetVPN/Pods-CheburnetVPN-frameworks-${CONFIGURATION}-input-files.xcfilelist",
			);
			name = "[CP] Embed Pods Frameworks";
			outputFileListPaths = (
				"${PODS_ROOT}/Target Support Files/Pods-CheburnetVPN/Pods-CheburnetVPN-frameworks-${CONFIGURATION}-output-files.xcfilelist",
			);
			runOnlyForDeploymentPostprocessing = 0;
			shellPath = /bin/sh;
			shellScript = "\"${PODS_ROOT}/Target Support Files/Pods-CheburnetVPN/Pods-CheburnetVPN-frameworks.sh\"\n";
			showEnvVarsInLog = 0;
		};
/* End PBXShellScriptBuildPhase section */

/* Begin PBXSourcesBuildPhase section */
		5DECCA822456EE1400D45308 /* Sources */ = {
			isa = PBXSourcesBuildPhase;
			buildActionMask = 2147483647;
			files = (
				5DC3242E24571E7D0079766A /* SegmentedControl.swift in Sources */,
				5D4085D6245B69F000277226 /* Observer.swift in Sources */,
				5DECCAA42457018E00D45308 /* CustomButton.swift in Sources */,
				5D4085E3245EE44E00277226 /* IAProduct.swift in Sources */,
				5D42D67F246448CE00910A17 /* LocalizationText.swift in Sources */,
				5D4085D2245B699100277226 /* VPNManager.swift in Sources */,
				5D8BC56E245835C4008218E6 /* InAppPurchaseViewController.swift in Sources */,
				5D6DEFEC24768FB200CAFD6A /* Server.swift in Sources */,
				5DECCA8E2456EE1400D45308 /* ViewController.swift in Sources */,
				5D8BC57024583BB4008218E6 /* PurchaseCollectionViewCell.swift in Sources */,
				5D4085E5245EE57100277226 /* IAService.swift in Sources */,
				5D3906A22475CBE1006FADA9 /* ServerViewControllerDelegate.swift in Sources */,
				5DECCA8A2456EE1400D45308 /* AppDelegate.swift in Sources */,
				5DECCAA62457128100D45308 /* ServerViewController.swift in Sources */,
				5DC3242C24571C440079766A /* ServerCell.swift in Sources */,
				5D4085D4245B69B000277226 /* Configuration.swift in Sources */,
				5DA8CC2824658CA8006303EA /* MenuViewController.swift in Sources */,
				5DCAA2D02461C2CC009501DF /* LogEvents.swift in Sources */,
				5D4989442462C0A4005CCAB1 /* SetupYourVPNViewController.swift in Sources */,
				5D4085D8245B6DB400277226 /* KeychainWrapper.swift in Sources */,
				5DECCA8C2456EE1400D45308 /* SceneDelegate.swift in Sources */,
			);
			runOnlyForDeploymentPostprocessing = 0;
		};
/* End PBXSourcesBuildPhase section */

/* Begin PBXVariantGroup section */
		5D42D68424644A7800910A17 /* Localizable.strings */ = {
			isa = PBXVariantGroup;
			children = (
				5D42D68524644A7C00910A17 /* ru */,
				5D42D68624644A7D00910A17 /* es */,
				5D42D6892464576A00910A17 /* de */,
				5D42D68C2464587A00910A17 /* en */,
			);
			name = Localizable.strings;
			sourceTree = "<group>";
		};
		5DECCA8F2456EE1400D45308 /* Main.storyboard */ = {
			isa = PBXVariantGroup;
			children = (
				5DECCA902456EE1400D45308 /* Base */,
				5D42D67B2464434700910A17 /* ru */,
				5D42D67D246448AE00910A17 /* es */,
				5D42D6882464576A00910A17 /* de */,
				5D42D68B2464579100910A17 /* en */,
			);
			name = Main.storyboard;
			sourceTree = "<group>";
		};
		5DECCA942456EE1600D45308 /* LaunchScreen.storyboard */ = {
			isa = PBXVariantGroup;
			children = (
				5DECCA952456EE1600D45308 /* Base */,
				5D42D67C2464434800910A17 /* ru */,
			);
			name = LaunchScreen.storyboard;
			sourceTree = "<group>";
		};
/* End PBXVariantGroup section */

/* Begin XCBuildConfiguration section */
		5DECCA982456EE1600D45308 /* Debug */ = {
			isa = XCBuildConfiguration;
			buildSettings = {
				ALWAYS_SEARCH_USER_PATHS = NO;
				CLANG_ANALYZER_LOCALIZABILITY_NONLOCALIZED = YES;
				CLANG_ANALYZER_NONNULL = YES;
				CLANG_ANALYZER_NUMBER_OBJECT_CONVERSION = YES_AGGRESSIVE;
				CLANG_CXX_LANGUAGE_STANDARD = "gnu++14";
				CLANG_CXX_LIBRARY = "libc++";
				CLANG_ENABLE_MODULES = YES;
				CLANG_ENABLE_OBJC_ARC = YES;
				CLANG_ENABLE_OBJC_WEAK = YES;
				CLANG_WARN_BLOCK_CAPTURE_AUTORELEASING = YES;
				CLANG_WARN_BOOL_CONVERSION = YES;
				CLANG_WARN_COMMA = YES;
				CLANG_WARN_CONSTANT_CONVERSION = YES;
				CLANG_WARN_DEPRECATED_OBJC_IMPLEMENTATIONS = YES;
				CLANG_WARN_DIRECT_OBJC_ISA_USAGE = YES_ERROR;
				CLANG_WARN_DOCUMENTATION_COMMENTS = YES;
				CLANG_WARN_EMPTY_BODY = YES;
				CLANG_WARN_ENUM_CONVERSION = YES;
				CLANG_WARN_INFINITE_RECURSION = YES;
				CLANG_WARN_INT_CONVERSION = YES;
				CLANG_WARN_NON_LITERAL_NULL_CONVERSION = YES;
				CLANG_WARN_OBJC_IMPLICIT_RETAIN_SELF = YES;
				CLANG_WARN_OBJC_LITERAL_CONVERSION = YES;
				CLANG_WARN_OBJC_ROOT_CLASS = YES_ERROR;
				CLANG_WARN_RANGE_LOOP_ANALYSIS = YES;
				CLANG_WARN_STRICT_PROTOTYPES = YES;
				CLANG_WARN_SUSPICIOUS_MOVE = YES;
				CLANG_WARN_UNGUARDED_AVAILABILITY = YES_AGGRESSIVE;
				CLANG_WARN_UNREACHABLE_CODE = YES;
				CLANG_WARN__DUPLICATE_METHOD_MATCH = YES;
				COPY_PHASE_STRIP = NO;
				DEBUG_INFORMATION_FORMAT = dwarf;
				ENABLE_STRICT_OBJC_MSGSEND = YES;
				ENABLE_TESTABILITY = YES;
				GCC_C_LANGUAGE_STANDARD = gnu11;
				GCC_DYNAMIC_NO_PIC = NO;
				GCC_NO_COMMON_BLOCKS = YES;
				GCC_OPTIMIZATION_LEVEL = 0;
				GCC_PREPROCESSOR_DEFINITIONS = (
					"DEBUG=1",
					"$(inherited)",
				);
				GCC_WARN_64_TO_32_BIT_CONVERSION = YES;
				GCC_WARN_ABOUT_RETURN_TYPE = YES_ERROR;
				GCC_WARN_UNDECLARED_SELECTOR = YES;
				GCC_WARN_UNINITIALIZED_AUTOS = YES_AGGRESSIVE;
				GCC_WARN_UNUSED_FUNCTION = YES;
				GCC_WARN_UNUSED_VARIABLE = YES;
				IPHONEOS_DEPLOYMENT_TARGET = 13.1;
				MTL_ENABLE_DEBUG_INFO = INCLUDE_SOURCE;
				MTL_FAST_MATH = YES;
				ONLY_ACTIVE_ARCH = YES;
				SDKROOT = iphoneos;
				SWIFT_ACTIVE_COMPILATION_CONDITIONS = DEBUG;
				SWIFT_OPTIMIZATION_LEVEL = "-Onone";
			};
			name = Debug;
		};
		5DECCA992456EE1600D45308 /* Release */ = {
			isa = XCBuildConfiguration;
			buildSettings = {
				ALWAYS_SEARCH_USER_PATHS = NO;
				CLANG_ANALYZER_LOCALIZABILITY_NONLOCALIZED = YES;
				CLANG_ANALYZER_NONNULL = YES;
				CLANG_ANALYZER_NUMBER_OBJECT_CONVERSION = YES_AGGRESSIVE;
				CLANG_CXX_LANGUAGE_STANDARD = "gnu++14";
				CLANG_CXX_LIBRARY = "libc++";
				CLANG_ENABLE_MODULES = YES;
				CLANG_ENABLE_OBJC_ARC = YES;
				CLANG_ENABLE_OBJC_WEAK = YES;
				CLANG_WARN_BLOCK_CAPTURE_AUTORELEASING = YES;
				CLANG_WARN_BOOL_CONVERSION = YES;
				CLANG_WARN_COMMA = YES;
				CLANG_WARN_CONSTANT_CONVERSION = YES;
				CLANG_WARN_DEPRECATED_OBJC_IMPLEMENTATIONS = YES;
				CLANG_WARN_DIRECT_OBJC_ISA_USAGE = YES_ERROR;
				CLANG_WARN_DOCUMENTATION_COMMENTS = YES;
				CLANG_WARN_EMPTY_BODY = YES;
				CLANG_WARN_ENUM_CONVERSION = YES;
				CLANG_WARN_INFINITE_RECURSION = YES;
				CLANG_WARN_INT_CONVERSION = YES;
				CLANG_WARN_NON_LITERAL_NULL_CONVERSION = YES;
				CLANG_WARN_OBJC_IMPLICIT_RETAIN_SELF = YES;
				CLANG_WARN_OBJC_LITERAL_CONVERSION = YES;
				CLANG_WARN_OBJC_ROOT_CLASS = YES_ERROR;
				CLANG_WARN_RANGE_LOOP_ANALYSIS = YES;
				CLANG_WARN_STRICT_PROTOTYPES = YES;
				CLANG_WARN_SUSPICIOUS_MOVE = YES;
				CLANG_WARN_UNGUARDED_AVAILABILITY = YES_AGGRESSIVE;
				CLANG_WARN_UNREACHABLE_CODE = YES;
				CLANG_WARN__DUPLICATE_METHOD_MATCH = YES;
				COPY_PHASE_STRIP = NO;
				DEBUG_INFORMATION_FORMAT = "dwarf-with-dsym";
				ENABLE_NS_ASSERTIONS = NO;
				ENABLE_STRICT_OBJC_MSGSEND = YES;
				GCC_C_LANGUAGE_STANDARD = gnu11;
				GCC_NO_COMMON_BLOCKS = YES;
				GCC_WARN_64_TO_32_BIT_CONVERSION = YES;
				GCC_WARN_ABOUT_RETURN_TYPE = YES_ERROR;
				GCC_WARN_UNDECLARED_SELECTOR = YES;
				GCC_WARN_UNINITIALIZED_AUTOS = YES_AGGRESSIVE;
				GCC_WARN_UNUSED_FUNCTION = YES;
				GCC_WARN_UNUSED_VARIABLE = YES;
				IPHONEOS_DEPLOYMENT_TARGET = 13.1;
				MTL_ENABLE_DEBUG_INFO = NO;
				MTL_FAST_MATH = YES;
				SDKROOT = iphoneos;
				SWIFT_COMPILATION_MODE = wholemodule;
				SWIFT_OPTIMIZATION_LEVEL = "-O";
				VALIDATE_PRODUCT = YES;
			};
			name = Release;
		};
		5DECCA9B2456EE1600D45308 /* Debug */ = {
			isa = XCBuildConfiguration;
			baseConfigurationReference = 5D7CBED524C03165E4F6731E /* Pods-CheburnetVPN.debug.xcconfig */;
			buildSettings = {
				ASSETCATALOG_COMPILER_APPICON_NAME = AppIcon;
				CODE_SIGN_ENTITLEMENTS = CheburnetVPN/CheburnetVPN.entitlements;
				CODE_SIGN_IDENTITY = "Apple Development";
				CODE_SIGN_STYLE = Automatic;
				DEVELOPMENT_TEAM = XT64U8RD27;
				INFOPLIST_FILE = CheburnetVPN/Info.plist;
				IPHONEOS_DEPLOYMENT_TARGET = 11.0;
				LD_RUNPATH_SEARCH_PATHS = (
					"$(inherited)",
					"@executable_path/Frameworks",
				);
				MARKETING_VERSION = 1.2;
				PRODUCT_BUNDLE_IDENTIFIER = nastyouth.CheburnetVPN;
				PRODUCT_NAME = "$(TARGET_NAME)";
				PROVISIONING_PROFILE_SPECIFIER = "";
				SWIFT_VERSION = 5.0;
				TARGETED_DEVICE_FAMILY = "1,2";
			};
			name = Debug;
		};
		5DECCA9C2456EE1600D45308 /* Release */ = {
			isa = XCBuildConfiguration;
			baseConfigurationReference = 91F78F52DF53DE04914E5314 /* Pods-CheburnetVPN.release.xcconfig */;
			buildSettings = {
				ASSETCATALOG_COMPILER_APPICON_NAME = AppIcon;
				CODE_SIGN_ENTITLEMENTS = CheburnetVPN/CheburnetVPN.entitlements;
				CODE_SIGN_IDENTITY = "Apple Development";
				CODE_SIGN_STYLE = Automatic;
				DEVELOPMENT_TEAM = XT64U8RD27;
				INFOPLIST_FILE = CheburnetVPN/Info.plist;
				IPHONEOS_DEPLOYMENT_TARGET = 11.0;
				LD_RUNPATH_SEARCH_PATHS = (
					"$(inherited)",
					"@executable_path/Frameworks",
				);
				MARKETING_VERSION = 1.2;
				PRODUCT_BUNDLE_IDENTIFIER = nastyouth.CheburnetVPN;
				PRODUCT_NAME = "$(TARGET_NAME)";
				PROVISIONING_PROFILE_SPECIFIER = "";
				SWIFT_VERSION = 5.0;
				TARGETED_DEVICE_FAMILY = "1,2";
			};
			name = Release;
		};
/* End XCBuildConfiguration section */

/* Begin XCConfigurationList section */
		5DECCA812456EE1400D45308 /* Build configuration list for PBXProject "CheburnetVPN" */ = {
			isa = XCConfigurationList;
			buildConfigurations = (
				5DECCA982456EE1600D45308 /* Debug */,
				5DECCA992456EE1600D45308 /* Release */,
			);
			defaultConfigurationIsVisible = 0;
			defaultConfigurationName = Release;
		};
		5DECCA9A2456EE1600D45308 /* Build configuration list for PBXNativeTarget "CheburnetVPN" */ = {
			isa = XCConfigurationList;
			buildConfigurations = (
				5DECCA9B2456EE1600D45308 /* Debug */,
				5DECCA9C2456EE1600D45308 /* Release */,
			);
			defaultConfigurationIsVisible = 0;
			defaultConfigurationName = Release;
		};
/* End XCConfigurationList section */
	};
	rootObject = 5DECCA7E2456EE1400D45308 /* Project object */;
}
